
Microsoft Visual Studio Solution File, Format Version 12.00
# Visual Studio Version 16
VisualStudioVersion = 16.0.31911.196
MinimumVisualStudioVersion = 10.0.40219.1
Project("{FAE04EC0-301F-11D3-BF4B-00C04F79EFBC}") = "chess", "chess\chess.csproj", "{D0CF1412-6647-42C1-8782-08B695A188D1}"
EndProject
Global
	GlobalSection(SolutionConfigurationPlatforms) = preSolution
		Debug|Any CPU = Debug|Any CPU
		Release|Any CPU = Release|Any CPU
	EndGlobalSection
	GlobalSection(ProjectConfigurationPlatforms) = postSolution
		{D0CF1412-6647-42C1-8782-08B695A188D1}.Debug|Any CPU.ActiveCfg = Debug|Any CPU
		{D0CF1412-6647-42C1-8782-08B695A188D1}.Debug|Any CPU.Build.0 = Debug|Any CPU
		{D0CF1412-6647-42C1-8782-08B695A188D1}.Release|Any CPU.ActiveCfg = Release|Any CPU
		{D0CF1412-6647-42C1-8782-08B695A188D1}.Release|Any CPU.Build.0 = Release|Any CPU
	EndGlobalSection
	GlobalSection(SolutionProperties) = preSolution
		HideSolutionNode = FALSE
	EndGlobalSection
	GlobalSection(ExtensibilityGlobals) = postSolution
		SolutionGuid = {5861379B-60F2-4AD8-8DCC-0992F7C6A720}
	EndGlobalSection
EndGlobal
